// !$*UTF8*$!
{
	archiveVersion = 1;
	classes = {
	};
	objectVersion = 55;
	objects = {

/* Begin PBXBuildFile section */
		CCBA5A392729245000FD2ED4 /* AppDelegate.swift in Sources */ = {isa = PBXBuildFile; fileRef = CCBA5A382729245000FD2ED4 /* AppDelegate.swift */; };
		CCBA5A3B2729245000FD2ED4 /* SceneDelegate.swift in Sources */ = {isa = PBXBuildFile; fileRef = CCBA5A3A2729245000FD2ED4 /* SceneDelegate.swift */; };
		CCBA5A3D2729245000FD2ED4 /* ViewController.swift in Sources */ = {isa = PBXBuildFile; fileRef = CCBA5A3C2729245000FD2ED4 /* ViewController.swift */; };
		CCBA5A402729245000FD2ED4 /* Main.storyboard in Resources */ = {isa = PBXBuildFile; fileRef = CCBA5A3E2729245000FD2ED4 /* Main.storyboard */; };
		CCBA5A422729245000FD2ED4 /* Assets.xcassets in Resources */ = {isa = PBXBuildFile; fileRef = CCBA5A412729245000FD2ED4 /* Assets.xcassets */; };
		CCBA5A452729245000FD2ED4 /* LaunchScreen.storyboard in Resources */ = {isa = PBXBuildFile; fileRef = CCBA5A432729245000FD2ED4 /* LaunchScreen.storyboard */; };
		CCBA5A4D2729261D00FD2ED4 /* NavigationController.swift in Sources */ = {isa = PBXBuildFile; fileRef = CCBA5A4C2729261D00FD2ED4 /* NavigationController.swift */; };
		CCBA5A4F27292B7600FD2ED4 /* SecondViewController.swift in Sources */ = {isa = PBXBuildFile; fileRef = CCBA5A4E27292B7600FD2ED4 /* SecondViewController.swift */; };
		CCBA5A5A2729499F00FD2ED4 /* SimpleNavItem.png in Resources */ = {isa = PBXBuildFile; fileRef = CCBA5A512729499E00FD2ED4 /* SimpleNavItem.png */; };
		CCBA5A5B2729499F00FD2ED4 /* BeefyNavItem.png in Resources */ = {isa = PBXBuildFile; fileRef = CCBA5A522729499E00FD2ED4 /* BeefyNavItem.png */; };
		CCBA5A5C2729499F00FD2ED4 /* StoryboardNavBar.png in Resources */ = {isa = PBXBuildFile; fileRef = CCBA5A532729499E00FD2ED4 /* StoryboardNavBar.png */; };
		CCBA5A5D2729499F00FD2ED4 /* NavHierarchyView.png in Resources */ = {isa = PBXBuildFile; fileRef = CCBA5A542729499E00FD2ED4 /* NavHierarchyView.png */; };
		CCBA5A5E2729499F00FD2ED4 /* StoryboardRootVC.png in Resources */ = {isa = PBXBuildFile; fileRef = CCBA5A552729499F00FD2ED4 /* StoryboardRootVC.png */; };
		CCBA5A5F2729499F00FD2ED4 /* StoryboardAdd.png in Resources */ = {isa = PBXBuildFile; fileRef = CCBA5A562729499F00FD2ED4 /* StoryboardAdd.png */; };
		CCBA5A602729499F00FD2ED4 /* DrillDown.png in Resources */ = {isa = PBXBuildFile; fileRef = CCBA5A572729499F00FD2ED4 /* DrillDown.png */; };
		CCBA5A612729499F00FD2ED4 /* StoryboardSegue.png in Resources */ = {isa = PBXBuildFile; fileRef = CCBA5A582729499F00FD2ED4 /* StoryboardSegue.png */; };
		CCBA5A622729499F00FD2ED4 /* Stack.png in Resources */ = {isa = PBXBuildFile; fileRef = CCBA5A592729499F00FD2ED4 /* Stack.png */; };
/* End PBXBuildFile section */

/* Begin PBXFileReference section */
		CCBA5A352729245000FD2ED4 /* NavigationControllers.app */ = {isa = PBXFileReference; explicitFileType = wrapper.application; includeInIndex = 0; path = NavigationControllers.app; sourceTree = BUILT_PRODUCTS_DIR; };
		CCBA5A382729245000FD2ED4 /* AppDelegate.swift */ = {isa = PBXFileReference; lastKnownFileType = sourcecode.swift; path = AppDelegate.swift; sourceTree = "<group>"; };
		CCBA5A3A2729245000FD2ED4 /* SceneDelegate.swift */ = {isa = PBXFileReference; lastKnownFileType = sourcecode.swift; path = SceneDelegate.swift; sourceTree = "<group>"; };
		CCBA5A3C2729245000FD2ED4 /* ViewController.swift */ = {isa = PBXFileReference; lastKnownFileType = sourcecode.swift; path = ViewController.swift; sourceTree = "<group>"; };
		CCBA5A3F2729245000FD2ED4 /* Base */ = {isa = PBXFileReference; lastKnownFileType = file.storyboard; name = Base; path = Base.lproj/Main.storyboard; sourceTree = "<group>"; };
		CCBA5A412729245000FD2ED4 /* Assets.xcassets */ = {isa = PBXFileReference; lastKnownFileType = folder.assetcatalog; path = Assets.xcassets; sourceTree = "<group>"; };
		CCBA5A442729245000FD2ED4 /* Base */ = {isa = PBXFileReference; lastKnownFileType = file.storyboard; name = Base; path = Base.lproj/LaunchScreen.storyboard; sourceTree = "<group>"; };
		CCBA5A462729245000FD2ED4 /* Info.plist */ = {isa = PBXFileReference; lastKnownFileType = text.plist.xml; path = Info.plist; sourceTree = "<group>"; };
		CCBA5A4C2729261D00FD2ED4 /* NavigationController.swift */ = {isa = PBXFileReference; lastKnownFileType = sourcecode.swift; path = NavigationController.swift; sourceTree = "<group>"; };
		CCBA5A4E27292B7600FD2ED4 /* SecondViewController.swift */ = {isa = PBXFileReference; lastKnownFileType = sourcecode.swift; path = SecondViewController.swift; sourceTree = "<group>"; };
		CCBA5A512729499E00FD2ED4 /* SimpleNavItem.png */ = {isa = PBXFileReference; lastKnownFileType = image.png; path = SimpleNavItem.png; sourceTree = "<group>"; };
		CCBA5A522729499E00FD2ED4 /* BeefyNavItem.png */ = {isa = PBXFileReference; lastKnownFileType = image.png; path = BeefyNavItem.png; sourceTree = "<group>"; };
		CCBA5A532729499E00FD2ED4 /* StoryboardNavBar.png */ = {isa = PBXFileReference; lastKnownFileType = image.png; path = StoryboardNavBar.png; sourceTree = "<group>"; };
		CCBA5A542729499E00FD2ED4 /* NavHierarchyView.png */ = {isa = PBXFileReference; lastKnownFileType = image.png; path = NavHierarchyView.png; sourceTree = "<group>"; };
		CCBA5A552729499F00FD2ED4 /* StoryboardRootVC.png */ = {isa = PBXFileReference; lastKnownFileType = image.png; path = StoryboardRootVC.png; sourceTree = "<group>"; };
		CCBA5A562729499F00FD2ED4 /* StoryboardAdd.png */ = {isa = PBXFileReference; lastKnownFileType = image.png; path = StoryboardAdd.png; sourceTree = "<group>"; };
		CCBA5A572729499F00FD2ED4 /* DrillDown.png */ = {isa = PBXFileReference; lastKnownFileType = image.png; path = DrillDown.png; sourceTree = "<group>"; };
		CCBA5A582729499F00FD2ED4 /* StoryboardSegue.png */ = {isa = PBXFileReference; lastKnownFileType = image.png; path = StoryboardSegue.png; sourceTree = "<group>"; };
		CCBA5A592729499F00FD2ED4 /* Stack.png */ = {isa = PBXFileReference; lastKnownFileType = image.png; path = Stack.png; sourceTree = "<group>"; };
/* End PBXFileReference section */

/* Begin PBXFrameworksBuildPhase section */
		CCBA5A322729245000FD2ED4 /* Frameworks */ = {
			isa = PBXFrameworksBuildPhase;
			buildActionMask = 2147483647;
			files = (
			);
			runOnlyForDeploymentPostprocessing = 0;
		};
/* End PBXFrameworksBuildPhase section */

/* Begin PBXGroup section */
		CCBA5A2C2729245000FD2ED4 = {
			isa = PBXGroup;
			children = (
				CCBA5A372729245000FD2ED4 /* NavigationControllers */,
				CCBA5A362729245000FD2ED4 /* Products */,
			);
			sourceTree = "<group>";
		};
		CCBA5A362729245000FD2ED4 /* Products */ = {
			isa = PBXGroup;
			children = (
				CCBA5A352729245000FD2ED4 /* NavigationControllers.app */,
			);
			name = Products;
			sourceTree = "<group>";
		};
		CCBA5A372729245000FD2ED4 /* NavigationControllers */ = {
			isa = PBXGroup;
			children = (
				CCBA5A502729496800FD2ED4 /* Images */,
				CCBA5A382729245000FD2ED4 /* AppDelegate.swift */,
				CCBA5A3A2729245000FD2ED4 /* SceneDelegate.swift */,
				CCBA5A4C2729261D00FD2ED4 /* NavigationController.swift */,
				CCBA5A3C2729245000FD2ED4 /* ViewController.swift */,
				CCBA5A4E27292B7600FD2ED4 /* SecondViewController.swift */,
				CCBA5A3E2729245000FD2ED4 /* Main.storyboard */,
				CCBA5A412729245000FD2ED4 /* Assets.xcassets */,
				CCBA5A432729245000FD2ED4 /* LaunchScreen.storyboard */,
				CCBA5A462729245000FD2ED4 /* Info.plist */,
			);
			path = NavigationControllers;
			sourceTree = "<group>";
		};
		CCBA5A502729496800FD2ED4 /* Images */ = {
			isa = PBXGroup;
			children = (
				CCBA5A522729499E00FD2ED4 /* BeefyNavItem.png */,
				CCBA5A572729499F00FD2ED4 /* DrillDown.png */,
				CCBA5A542729499E00FD2ED4 /* NavHierarchyView.png */,
				CCBA5A512729499E00FD2ED4 /* SimpleNavItem.png */,
				CCBA5A592729499F00FD2ED4 /* Stack.png */,
				CCBA5A562729499F00FD2ED4 /* StoryboardAdd.png */,
				CCBA5A532729499E00FD2ED4 /* StoryboardNavBar.png */,
				CCBA5A552729499F00FD2ED4 /* StoryboardRootVC.png */,
				CCBA5A582729499F00FD2ED4 /* StoryboardSegue.png */,
			);
			path = Images;
			sourceTree = "<group>";
		};
/* End PBXGroup section */

/* Begin PBXNativeTarget section */
		CCBA5A342729245000FD2ED4 /* NavigationControllers */ = {
			isa = PBXNativeTarget;
			buildConfigurationList = CCBA5A492729245000FD2ED4 /* Build configuration list for PBXNativeTarget "NavigationControllers" */;
			buildPhases = (
				CCBA5A312729245000FD2ED4 /* Sources */,
				CCBA5A322729245000FD2ED4 /* Frameworks */,
				CCBA5A332729245000FD2ED4 /* Resources */,
			);
			buildRules = (
			);
			dependencies = (
			);
			name = NavigationControllers;
			productName = NavigationControllers;
			productReference = CCBA5A352729245000FD2ED4 /* NavigationControllers.app */;
			productType = "com.apple.product-type.application";
		};
/* End PBXNativeTarget section */

/* Begin PBXProject section */
		CCBA5A2D2729245000FD2ED4 /* Project object */ = {
			isa = PBXProject;
			attributes = {
				BuildIndependentTargetsInParallel = 1;
				LastSwiftUpdateCheck = 1310;
				LastUpgradeCheck = 1310;
				TargetAttributes = {
					CCBA5A342729245000FD2ED4 = {
						CreatedOnToolsVersion = 13.1;
					};
				};
			};
			buildConfigurationList = CCBA5A302729245000FD2ED4 /* Build configuration list for PBXProject "NavigationControllers" */;
			compatibilityVersion = "Xcode 13.0";
			developmentRegion = en;
			hasScannedForEncodings = 0;
			knownRegions = (
				en,
				Base,
			);
			mainGroup = CCBA5A2C2729245000FD2ED4;
			productRefGroup = CCBA5A362729245000FD2ED4 /* Products */;
			projectDirPath = "";
			projectRoot = "";
			targets = (
				CCBA5A342729245000FD2ED4 /* NavigationControllers */,
			);
		};
/* End PBXProject section */

/* Begin PBXResourcesBuildPhase section */
		CCBA5A332729245000FD2ED4 /* Resources */ = {
			isa = PBXResourcesBuildPhase;
			buildActionMask = 2147483647;
			files = (
				CCBA5A612729499F00FD2ED4 /* StoryboardSegue.png in Resources */,
				CCBA5A5C2729499F00FD2ED4 /* StoryboardNavBar.png in Resources */,
				CCBA5A622729499F00FD2ED4 /* Stack.png in Resources */,
				CCBA5A5B2729499F00FD2ED4 /* BeefyNavItem.png in Resources */,
				CCBA5A452729245000FD2ED4 /* LaunchScreen.storyboard in Resources */,
				CCBA5A602729499F00FD2ED4 /* DrillDown.png in Resources */,
				CCBA5A422729245000FD2ED4 /* Assets.xcassets in Resources */,
				CCBA5A5A2729499F00FD2ED4 /* SimpleNavItem.png in Resources */,
				CCBA5A5E2729499F00FD2ED4 /* StoryboardRootVC.png in Resources */,
				CCBA5A402729245000FD2ED4 /* Main.storyboard in Resources */,
				CCBA5A5F2729499F00FD2ED4 /* StoryboardAdd.png in Resources */,
				CCBA5A5D2729499F00FD2ED4 /* NavHierarchyView.png in Resources */,
			);
			runOnlyForDeploymentPostprocessing = 0;
		};
/* End PBXResourcesBuildPhase section */

/* Begin PBXSourcesBuildPhase section */
		CCBA5A312729245000FD2ED4 /* Sources */ = {
			isa = PBXSourcesBuildPhase;
			buildActionMask = 2147483647;
			files = (
				CCBA5A3D2729245000FD2ED4 /* ViewController.swift in Sources */,
				CCBA5A4D2729261D00FD2ED4 /* NavigationController.swift in Sources */,
				CCBA5A392729245000FD2ED4 /* AppDelegate.swift in Sources */,
				CCBA5A4F27292B7600FD2ED4 /* SecondViewController.swift in Sources */,
				CCBA5A3B2729245000FD2ED4 /* SceneDelegate.swift in Sources */,
			);
			runOnlyForDeploymentPostprocessing = 0;
		};
/* End PBXSourcesBuildPhase section */

/* Begin PBXVariantGroup section */
		CCBA5A3E2729245000FD2ED4 /* Main.storyboard */ = {
			isa = PBXVariantGroup;
			children = (
				CCBA5A3F2729245000FD2ED4 /* Base */,
			);
			name = Main.storyboard;
			sourceTree = "<group>";
		};
		CCBA5A432729245000FD2ED4 /* LaunchScreen.storyboard */ = {
			isa = PBXVariantGroup;
			children = (
				CCBA5A442729245000FD2ED4 /* Base */,
			);
			name = LaunchScreen.storyboard;
			sourceTree = "<group>";
		};
/* End PBXVariantGroup section */

/* Begin XCBuildConfiguration section */
		CCBA5A472729245000FD2ED4 /* Debug */ = {
			isa = XCBuildConfiguration;
			buildSettings = {
				ALWAYS_SEARCH_USER_PATHS = NO;
				CLANG_ANALYZER_NONNULL = YES;
				CLANG_ANALYZER_NUMBER_OBJECT_CONVERSION = YES_AGGRESSIVE;
				CLANG_CXX_LANGUAGE_STANDARD = "gnu++17";
				CLANG_CXX_LIBRARY = "libc++";
				CLANG_ENABLE_MODULES = YES;
				CLANG_ENABLE_OBJC_ARC = YES;
				CLANG_ENABLE_OBJC_WEAK = YES;
				CLANG_WARN_BLOCK_CAPTURE_AUTORELEASING = YES;
				CLANG_WARN_BOOL_CONVERSION = YES;
				CLANG_WARN_COMMA = YES;
				CLANG_WARN_CONSTANT_CONVERSION = YES;
				CLANG_WARN_DEPRECATED_OBJC_IMPLEMENTATIONS = YES;
				CLANG_WARN_DIRECT_OBJC_ISA_USAGE = YES_ERROR;
				CLANG_WARN_DOCUMENTATION_COMMENTS = YES;
				CLANG_WARN_EMPTY_BODY = YES;
				CLANG_WARN_ENUM_CONVERSION = YES;
				CLANG_WARN_INFINITE_RECURSION = YES;
				CLANG_WARN_INT_CONVERSION = YES;
				CLANG_WARN_NON_LITERAL_NULL_CONVERSION = YES;
				CLANG_WARN_OBJC_IMPLICIT_RETAIN_SELF = YES;
				CLANG_WARN_OBJC_LITERAL_CONVERSION = YES;
				CLANG_WARN_OBJC_ROOT_CLASS = YES_ERROR;
				CLANG_WARN_QUOTED_INCLUDE_IN_FRAMEWORK_HEADER = YES;
				CLANG_WARN_RANGE_LOOP_ANALYSIS = YES;
				CLANG_WARN_STRICT_PROTOTYPES = YES;
				CLANG_WARN_SUSPICIOUS_MOVE = YES;
				CLANG_WARN_UNGUARDED_AVAILABILITY = YES_AGGRESSIVE;
				CLANG_WARN_UNREACHABLE_CODE = YES;
				CLANG_WARN__DUPLICATE_METHOD_MATCH = YES;
				COPY_PHASE_STRIP = NO;
				DEBUG_INFORMATION_FORMAT = dwarf;
				ENABLE_STRICT_OBJC_MSGSEND = YES;
				ENABLE_TESTABILITY = YES;
				GCC_C_LANGUAGE_STANDARD = gnu11;
				GCC_DYNAMIC_NO_PIC = NO;
				GCC_NO_COMMON_BLOCKS = YES;
				GCC_OPTIMIZATION_LEVEL = 0;
				GCC_PREPROCESSOR_DEFINITIONS = (
					"DEBUG=1",
					"$(inherited)",
				);
				GCC_WARN_64_TO_32_BIT_CONVERSION = YES;
				GCC_WARN_ABOUT_RETURN_TYPE = YES_ERROR;
				GCC_WARN_UNDECLARED_SELECTOR = YES;
				GCC_WARN_UNINITIALIZED_AUTOS = YES_AGGRESSIVE;
				GCC_WARN_UNUSED_FUNCTION = YES;
				GCC_WARN_UNUSED_VARIABLE = YES;
				IPHONEOS_DEPLOYMENT_TARGET = 15.0;
				MTL_ENABLE_DEBUG_INFO = INCLUDE_SOURCE;
				MTL_FAST_MATH = YES;
				ONLY_ACTIVE_ARCH = YES;
				SDKROOT = iphoneos;
				SWIFT_ACTIVE_COMPILATION_CONDITIONS = DEBUG;
				SWIFT_OPTIMIZATION_LEVEL = "-Onone";
			};
			name = Debug;
		};
		CCBA5A482729245000FD2ED4 /* Release */ = {
			isa = XCBuildConfiguration;
			buildSettings = {
				ALWAYS_SEARCH_USER_PATHS = NO;
				CLANG_ANALYZER_NONNULL = YES;
				CLANG_ANALYZER_NUMBER_OBJECT_CONVERSION = YES_AGGRESSIVE;
				CLANG_CXX_LANGUAGE_STANDARD = "gnu++17";
				CLANG_CXX_LIBRARY = "libc++";
				CLANG_ENABLE_MODULES = YES;
				CLANG_ENABLE_OBJC_ARC = YES;
				CLANG_ENABLE_OBJC_WEAK = YES;
				CLANG_WARN_BLOCK_CAPTURE_AUTORELEASING = YES;
				CLANG_WARN_BOOL_CONVERSION = YES;
				CLANG_WARN_COMMA = YES;
				CLANG_WARN_CONSTANT_CONVERSION = YES;
				CLANG_WARN_DEPRECATED_OBJC_IMPLEMENTATIONS = YES;
				CLANG_WARN_DIRECT_OBJC_ISA_USAGE = YES_ERROR;
				CLANG_WARN_DOCUMENTATION_COMMENTS = YES;
				CLANG_WARN_EMPTY_BODY = YES;
				CLANG_WARN_ENUM_CONVERSION = YES;
				CLANG_WARN_INFINITE_RECURSION = YES;
				CLANG_WARN_INT_CONVERSION = YES;
				CLANG_WARN_NON_LITERAL_NULL_CONVERSION = YES;
				CLANG_WARN_OBJC_IMPLICIT_RETAIN_SELF = YES;
				CLANG_WARN_OBJC_LITERAL_CONVERSION = YES;
				CLANG_WARN_OBJC_ROOT_CLASS = YES_ERROR;
				CLANG_WARN_QUOTED_INCLUDE_IN_FRAMEWORK_HEADER = YES;
				CLANG_WARN_RANGE_LOOP_ANALYSIS = YES;
				CLANG_WARN_STRICT_PROTOTYPES = YES;
				CLANG_WARN_SUSPICIOUS_MOVE = YES;
				CLANG_WARN_UNGUARDED_AVAILABILITY = YES_AGGRESSIVE;
				CLANG_WARN_UNREACHABLE_CODE = YES;
				CLANG_WARN__DUPLICATE_METHOD_MATCH = YES;
				COPY_PHASE_STRIP = NO;
				DEBUG_INFORMATION_FORMAT = "dwarf-with-dsym";
				ENABLE_NS_ASSERTIONS = NO;
				ENABLE_STRICT_OBJC_MSGSEND = YES;
				GCC_C_LANGUAGE_STANDARD = gnu11;
				GCC_NO_COMMON_BLOCKS = YES;
				GCC_WARN_64_TO_32_BIT_CONVERSION = YES;
				GCC_WARN_ABOUT_RETURN_TYPE = YES_ERROR;
				GCC_WARN_UNDECLARED_SELECTOR = YES;
				GCC_WARN_UNINITIALIZED_AUTOS = YES_AGGRESSIVE;
				GCC_WARN_UNUSED_FUNCTION = YES;
				GCC_WARN_UNUSED_VARIABLE = YES;
				IPHONEOS_DEPLOYMENT_TARGET = 15.0;
				MTL_ENABLE_DEBUG_INFO = NO;
				MTL_FAST_MATH = YES;
				SDKROOT = iphoneos;
				SWIFT_COMPILATION_MODE = wholemodule;
				SWIFT_OPTIMIZATION_LEVEL = "-O";
				VALIDATE_PRODUCT = YES;
			};
			name = Release;
		};
		CCBA5A4A2729245000FD2ED4 /* Debug */ = {
			isa = XCBuildConfiguration;
			buildSettings = {
				ASSETCATALOG_COMPILER_APPICON_NAME = AppIcon;
				ASSETCATALOG_COMPILER_GLOBAL_ACCENT_COLOR_NAME = AccentColor;
				CODE_SIGN_STYLE = Automatic;
				CURRENT_PROJECT_VERSION = 1;
				GENERATE_INFOPLIST_FILE = YES;
				INFOPLIST_FILE = NavigationControllers/Info.plist;
				INFOPLIST_KEY_UIApplicationSupportsIndirectInputEvents = YES;
				INFOPLIST_KEY_UILaunchStoryboardName = LaunchScreen;
				INFOPLIST_KEY_UIMainStoryboardFile = Main;
				INFOPLIST_KEY_UISupportedInterfaceOrientations_iPad = "UIInterfaceOrientationPortrait UIInterfaceOrientationPortraitUpsideDown UIInterfaceOrientationLandscapeLeft UIInterfaceOrientationLandscapeRight";
				INFOPLIST_KEY_UISupportedInterfaceOrientations_iPhone = "UIInterfaceOrientationPortrait UIInterfaceOrientationLandscapeLeft UIInterfaceOrientationLandscapeRight";
				LD_RUNPATH_SEARCH_PATHS = (
					"$(inherited)",
					"@executable_path/Frameworks",
				);
				MARKETING_VERSION = 1.0;
				PRODUCT_BUNDLE_IDENTIFIER = co.easycode.NavigationControllers;
				PRODUCT_NAME = "$(TARGET_NAME)";
				SWIFT_EMIT_LOC_STRINGS = YES;
				SWIFT_VERSION = 5.0;
				TARGETED_DEVICE_FAMILY = "1,2";
			};
			name = Debug;
		};
		CCBA5A4B2729245000FD2ED4 /* Release */ = {
			isa = XCBuildConfiguration;
			buildSettings = {
				ASSETCATALOG_COMPILER_APPICON_NAME = AppIcon;
				ASSETCATALOG_COMPILER_GLOBAL_ACCENT_COLOR_NAME = AccentColor;
				CODE_SIGN_STYLE = Automatic;
				CURRENT_PROJECT_VERSION = 1;
				GENERATE_INFOPLIST_FILE = YES;
				INFOPLIST_FILE = NavigationControllers/Info.plist;
				INFOPLIST_KEY_UIApplicationSupportsIndirectInputEvents = YES;
				INFOPLIST_KEY_UILaunchStoryboardName = LaunchScreen;
				INFOPLIST_KEY_UIMainStoryboardFile = Main;
				INFOPLIST_KEY_UISupportedInterfaceOrientations_iPad = "UIInterfaceOrientationPortrait UIInterfaceOrientationPortraitUpsideDown UIInterfaceOrientationLandscapeLeft UIInterfaceOrientationLandscapeRight";
				INFOPLIST_KEY_UISupportedInterfaceOrientations_iPhone = "UIInterfaceOrientationPortrait UIInterfaceOrientationLandscapeLeft UIInterfaceOrientationLandscapeRight";
				LD_RUNPATH_SEARCH_PATHS = (
					"$(inherited)",
					"@executable_path/Frameworks",
				);
				MARKETING_VERSION = 1.0;
				PRODUCT_BUNDLE_IDENTIFIER = co.easycode.NavigationControllers;
				PRODUCT_NAME = "$(TARGET_NAME)";
				SWIFT_EMIT_LOC_STRINGS = YES;
				SWIFT_VERSION = 5.0;
				TARGETED_DEVICE_FAMILY = "1,2";
			};
			name = Release;
		};
/* End XCBuildConfiguration section */

/* Begin XCConfigurationList section */
		CCBA5A302729245000FD2ED4 /* Build configuration list for PBXProject "NavigationControllers" */ = {
			isa = XCConfigurationList;
			buildConfigurations = (
				CCBA5A472729245000FD2ED4 /* Debug */,
				CCBA5A482729245000FD2ED4 /* Release */,
			);
			defaultConfigurationIsVisible = 0;
			defaultConfigurationName = Release;
		};
		CCBA5A492729245000FD2ED4 /* Build configuration list for PBXNativeTarget "NavigationControllers" */ = {
			isa = XCConfigurationList;
			buildConfigurations = (
				CCBA5A4A2729245000FD2ED4 /* Debug */,
				CCBA5A4B2729245000FD2ED4 /* Release */,
			);
			defaultConfigurationIsVisible = 0;
			defaultConfigurationName = Release;
		};
/* End XCConfigurationList section */
	};
	rootObject = CCBA5A2D2729245000FD2ED4 /* Project object */;
}
